
Microsoft Visual Studio Solution File, Format Version 12.00
# Visual Studio Version 17
VisualStudioVersion = 17.4.33205.214
MinimumVisualStudioVersion = 10.0.40219.1
Project("{FAE04EC0-301F-11D3-BF4B-00C04F79EFBC}") = "EasyCrudLibrary", "EasyCrudLibrary\EasyCrudLibrary.csproj", "{BA2EC713-0236-4672-8C37-1314FF2E4BD5}"
EndProject
Global
	GlobalSection(SolutionConfigurationPlatforms) = preSolution
		Debug|Any CPU = Debug|Any CPU
		Release|Any CPU = Release|Any CPU
	EndGlobalSection
	GlobalSection(ProjectConfigurationPlatforms) = postSolution
		{BA2EC713-0236-4672-8C37-1314FF2E4BD5}.Debug|Any CPU.ActiveCfg = Debug|Any CPU
		{BA2EC713-0236-4672-8C37-1314FF2E4BD5}.Debug|Any CPU.Build.0 = Debug|Any CPU
		{BA2EC713-0236-4672-8C37-1314FF2E4BD5}.Release|Any CPU.ActiveCfg = Release|Any CPU
		{BA2EC713-0236-4672-8C37-1314FF2E4BD5}.Release|Any CPU.Build.0 = Release|Any CPU
	EndGlobalSection
	GlobalSection(SolutionProperties) = preSolution
		HideSolutionNode = FALSE
	EndGlobalSection
	GlobalSection(ExtensibilityGlobals) = postSolution
		SolutionGuid = {776DE415-FC73-4B35-9E8F-A4E43AB341DA}
	EndGlobalSection
EndGlobal
